Microsoft Visual Studio Solution File, Format Version 12.00
# Visual Studio 16
Project("{2150E333-8FDC-42A3-9474-1A3956D46DE8}") = "CMakePredefinedTargets", "CMakePredefinedTargets", "{47B90831-4494-36DB-9433-6F2C9E980D8E}"
EndProject
Project("{8BC9CEB8-8B4A-11D0-8D11-00A0C91BC942}") = "ALL_BUILD", "ALL_BUILD.vcxproj", "{048013AA-0F2E-3903-AE97-E7EF6D7CB3FC}"
	ProjectSection(ProjectDependencies) = postProject
		{476FFF01-C648-3012-BB7A-08BEDD8A5FAE} = {476FFF01-C648-3012-BB7A-08BEDD8A5FAE}
	EndProjectSection
EndProject
Project("{8BC9CEB8-8B4A-11D0-8D11-00A0C91BC942}") = "INSTALL", "INSTALL.vcxproj", "{DEF342C8-09CE-362D-B989-2A96D9C80BC5}"
	ProjectSection(ProjectDependencies) = postProject
		{048013AA-0F2E-3903-AE97-E7EF6D7CB3FC} = {048013AA-0F2E-3903-AE97-E7EF6D7CB3FC}
		{476FFF01-C648-3012-BB7A-08BEDD8A5FAE} = {476FFF01-C648-3012-BB7A-08BEDD8A5FAE}
	EndProjectSection
EndProject
Project("{8BC9CEB8-8B4A-11D0-8D11-00A0C91BC942}") = "ZERO_CHECK", "..\\ZERO_CHECK.vcxproj", "{476FFF01-C648-3012-BB7A-08BEDD8A5FAE}"
	ProjectSection(ProjectDependencies) = postProject
	EndProjectSection
EndProject
Global
	GlobalSection(SolutionConfigurationPlatforms) = preSolution
		Debug|x64 = Debug|x64
		Profile|x64 = Profile|x64
		Release|x64 = Release|x64
	EndGlobalSection
	GlobalSection(ProjectConfigurationPlatforms) = postSolution
		{048013AA-0F2E-3903-AE97-E7EF6D7CB3FC}.Debug|x64.ActiveCfg = Debug|x64
		{048013AA-0F2E-3903-AE97-E7EF6D7CB3FC}.Debug|x64.Build.0 = Debug|x64
		{048013AA-0F2E-3903-AE97-E7EF6D7CB3FC}.Profile|x64.ActiveCfg = Profile|x64
		{048013AA-0F2E-3903-AE97-E7EF6D7CB3FC}.Profile|x64.Build.0 = Profile|x64
		{048013AA-0F2E-3903-AE97-E7EF6D7CB3FC}.Release|x64.ActiveCfg = Release|x64
		{048013AA-0F2E-3903-AE97-E7EF6D7CB3FC}.Release|x64.Build.0 = Release|x64
		{DEF342C8-09CE-362D-B989-2A96D9C80BC5}.Debug|x64.ActiveCfg = Debug|x64
		{DEF342C8-09CE-362D-B989-2A96D9C80BC5}.Profile|x64.ActiveCfg = Profile|x64
		{DEF342C8-09CE-362D-B989-2A96D9C80BC5}.Release|x64.ActiveCfg = Release|x64
		{476FFF01-C648-3012-BB7A-08BEDD8A5FAE}.Debug|x64.ActiveCfg = Debug|x64
		{476FFF01-C648-3012-BB7A-08BEDD8A5FAE}.Debug|x64.Build.0 = Debug|x64
		{476FFF01-C648-3012-BB7A-08BEDD8A5FAE}.Profile|x64.ActiveCfg = Profile|x64
		{476FFF01-C648-3012-BB7A-08BEDD8A5FAE}.Profile|x64.Build.0 = Profile|x64
		{476FFF01-C648-3012-BB7A-08BEDD8A5FAE}.Release|x64.ActiveCfg = Release|x64
		{476FFF01-C648-3012-BB7A-08BEDD8A5FAE}.Release|x64.Build.0 = Release|x64
	EndGlobalSection
	GlobalSection(NestedProjects) = preSolution
		{048013AA-0F2E-3903-AE97-E7EF6D7CB3FC} = {47B90831-4494-36DB-9433-6F2C9E980D8E}
		{DEF342C8-09CE-362D-B989-2A96D9C80BC5} = {47B90831-4494-36DB-9433-6F2C9E980D8E}
		{476FFF01-C648-3012-BB7A-08BEDD8A5FAE} = {47B90831-4494-36DB-9433-6F2C9E980D8E}
	EndGlobalSection
	GlobalSection(ExtensibilityGlobals) = postSolution
		SolutionGuid = {578D6819-698F-3534-B443-8CE4928AC7E9}
	EndGlobalSection
	GlobalSection(ExtensibilityAddIns) = postSolution
	EndGlobalSection
EndGlobal
